
Microsoft Visual Studio Solution File, Format Version 12.00
# Visual Studio Version 17
VisualStudioVersion = 17.12.35707.178 d17.12
MinimumVisualStudioVersion = 10.0.40219.1
Project("{FAE04EC0-301F-11D3-BF4B-00C04F79EFBC}") = "MyLoginForm", "MyLoginForm.csproj", "{37CB74CA-DB7E-4894-9267-29EF48A37632}"
EndProject
Global
	GlobalSection(SolutionConfigurationPlatforms) = preSolution
		Debug|Any CPU = Debug|Any CPU
		Release|Any CPU = Release|Any CPU
	EndGlobalSection
	GlobalSection(ProjectConfigurationPlatforms) = postSolution
		{37CB74CA-DB7E-4894-9267-29EF48A37632}.Debug|Any CPU.ActiveCfg = Debug|Any CPU
		{37CB74CA-DB7E-4894-9267-29EF48A37632}.Debug|Any CPU.Build.0 = Debug|Any CPU
		{37CB74CA-DB7E-4894-9267-29EF48A37632}.Release|Any CPU.ActiveCfg = Release|Any CPU
		{37CB74CA-DB7E-4894-9267-29EF48A37632}.Release|Any CPU.Build.0 = Release|Any CPU
	EndGlobalSection
	GlobalSection(SolutionProperties) = preSolution
		HideSolutionNode = FALSE
	EndGlobalSection
EndGlobal
